
Microsoft Visual Studio Solution File, Format Version 12.00
# Visual Studio Version 17
VisualStudioVersion = 17.2.32519.379
MinimumVisualStudioVersion = 10.0.40219.1
Project("{FAE04EC0-301F-11D3-BF4B-00C04F79EFBC}") = "FileSystem", "FileSystem\FileSystem.csproj", "{DFEE4FEF-5E35-4069-A496-7CED7A1C7303}"
EndProject
Global
	GlobalSection(SolutionConfigurationPlatforms) = preSolution
		Debug|Any CPU = Debug|Any CPU
		Release|Any CPU = Release|Any CPU
	EndGlobalSection
	GlobalSection(ProjectConfigurationPlatforms) = postSolution
		{DFEE4FEF-5E35-4069-A496-7CED7A1C7303}.Debug|Any CPU.ActiveCfg = Debug|Any CPU
		{DFEE4FEF-5E35-4069-A496-7CED7A1C7303}.Debug|Any CPU.Build.0 = Debug|Any CPU
		{DFEE4FEF-5E35-4069-A496-7CED7A1C7303}.Release|Any CPU.ActiveCfg = Release|Any CPU
		{DFEE4FEF-5E35-4069-A496-7CED7A1C7303}.Release|Any CPU.Build.0 = Release|Any CPU
	EndGlobalSection
	GlobalSection(SolutionProperties) = preSolution
		HideSolutionNode = FALSE
	EndGlobalSection
	GlobalSection(ExtensibilityGlobals) = postSolution
		SolutionGuid = {E484390A-91FC-444B-A297-0CB9183D079D}
	EndGlobalSection
EndGlobal
